// !$*UTF8*$!
{
	archiveVersion = 1;
	classes = {
	};
	objectVersion = 56;
	objects = {

/* Begin PBXBuildFile section */
		0203068BDB91B3C411DB7589 /* Pods_DarkLightTests.framework in Frameworks */ = {isa = PBXBuildFile; fileRef = 36ED620ED48B3AD781FD3B0B /* Pods_DarkLightTests.framework */; };
		5C65C7B7D02C5E5067DC4E0B /* Pods_DarkLight.framework in Frameworks */ = {isa = PBXBuildFile; fileRef = 216FC913C9BDF2A872437176 /* Pods_DarkLight.framework */; };
		B25FAF2E967AF2FF902A0899 /* Pods_DarkLight_DarkLightUITests.framework in Frameworks */ = {isa = PBXBuildFile; fileRef = 6C4A42EBCE1DBC1EA0A0BE82 /* Pods_DarkLight_DarkLightUITests.framework */; };
		ECE3AF7029FE0E1700721F4D /* AppDelegate.swift in Sources */ = {isa = PBXBuildFile; fileRef = ECE3AF6F29FE0E1700721F4D /* AppDelegate.swift */; };
		ECE3AF7229FE0E1700721F4D /* SceneDelegate.swift in Sources */ = {isa = PBXBuildFile; fileRef = ECE3AF7129FE0E1700721F4D /* SceneDelegate.swift */; };
		ECE3AF7929FE0E1900721F4D /* Assets.xcassets in Resources */ = {isa = PBXBuildFile; fileRef = ECE3AF7829FE0E1900721F4D /* Assets.xcassets */; };
		ECE3AF7C29FE0E1900721F4D /* LaunchScreen.storyboard in Resources */ = {isa = PBXBuildFile; fileRef = ECE3AF7A29FE0E1900721F4D /* LaunchScreen.storyboard */; };
		ECE3AF8729FE0E1900721F4D /* DarkLightTests.swift in Sources */ = {isa = PBXBuildFile; fileRef = ECE3AF8629FE0E1900721F4D /* DarkLightTests.swift */; };
		ECE3AF9129FE0E1900721F4D /* DarkLightUITests.swift in Sources */ = {isa = PBXBuildFile; fileRef = ECE3AF9029FE0E1900721F4D /* DarkLightUITests.swift */; };
		ECE3AF9329FE0E1900721F4D /* DarkLightUITestsLaunchTests.swift in Sources */ = {isa = PBXBuildFile; fileRef = ECE3AF9229FE0E1900721F4D /* DarkLightUITestsLaunchTests.swift */; };
		ECE3AFAC2A00B22000721F4D /* MainTabBarViewController.swift in Sources */ = {isa = PBXBuildFile; fileRef = ECE3AFAA2A00B22000721F4D /* MainTabBarViewController.swift */; };
		ECE3AFB12A00B29C00721F4D /* HomeViewController.swift in Sources */ = {isa = PBXBuildFile; fileRef = ECE3AFAF2A00B29C00721F4D /* HomeViewController.swift */; };
		ECE3AFB22A00B29C00721F4D /* HomeViewController.xib in Resources */ = {isa = PBXBuildFile; fileRef = ECE3AFB02A00B29C00721F4D /* HomeViewController.xib */; };
/* End PBXBuildFile section */

/* Begin PBXContainerItemProxy section */
		ECE3AF8329FE0E1900721F4D /* PBXContainerItemProxy */ = {
			isa = PBXContainerItemProxy;
			containerPortal = ECE3AF6429FE0E1700721F4D /* Project object */;
			proxyType = 1;
			remoteGlobalIDString = ECE3AF6B29FE0E1700721F4D;
			remoteInfo = DarkLight;
		};
		ECE3AF8D29FE0E1900721F4D /* PBXContainerItemProxy */ = {
			isa = PBXContainerItemProxy;
			containerPortal = ECE3AF6429FE0E1700721F4D /* Project object */;
			proxyType = 1;
			remoteGlobalIDString = ECE3AF6B29FE0E1700721F4D;
			remoteInfo = DarkLight;
		};
/* End PBXContainerItemProxy section */

/* Begin PBXFileReference section */
		021F4454F54610AA3575440D /* Pods-DarkLight.debug.xcconfig */ = {isa = PBXFileReference; includeInIndex = 1; lastKnownFileType = text.xcconfig; name = "Pods-DarkLight.debug.xcconfig"; path = "Target Support Files/Pods-DarkLight/Pods-DarkLight.debug.xcconfig"; sourceTree = "<group>"; };
		176A5CA22B6F444935420DEA /* Pods-DarkLight.release.xcconfig */ = {isa = PBXFileReference; includeInIndex = 1; lastKnownFileType = text.xcconfig; name = "Pods-DarkLight.release.xcconfig"; path = "Target Support Files/Pods-DarkLight/Pods-DarkLight.release.xcconfig"; sourceTree = "<group>"; };
		216FC913C9BDF2A872437176 /* Pods_DarkLight.framework */ = {isa = PBXFileReference; explicitFileType = wrapper.framework; includeInIndex = 0; path = Pods_DarkLight.framework; sourceTree = BUILT_PRODUCTS_DIR; };
		27EE3E44B0A820B3BF118EB3 /* Pods-DarkLightTests.release.xcconfig */ = {isa = PBXFileReference; includeInIndex = 1; lastKnownFileType = text.xcconfig; name = "Pods-DarkLightTests.release.xcconfig"; path = "Target Support Files/Pods-DarkLightTests/Pods-DarkLightTests.release.xcconfig"; sourceTree = "<group>"; };
		36ED620ED48B3AD781FD3B0B /* Pods_DarkLightTests.framework */ = {isa = PBXFileReference; explicitFileType = wrapper.framework; includeInIndex = 0; path = Pods_DarkLightTests.framework; sourceTree = BUILT_PRODUCTS_DIR; };
		4AC44ABE251A6272406FEC0E /* Pods-DarkLightTests.debug.xcconfig */ = {isa = PBXFileReference; includeInIndex = 1; lastKnownFileType = text.xcconfig; name = "Pods-DarkLightTests.debug.xcconfig"; path = "Target Support Files/Pods-DarkLightTests/Pods-DarkLightTests.debug.xcconfig"; sourceTree = "<group>"; };
		6C4A42EBCE1DBC1EA0A0BE82 /* Pods_DarkLight_DarkLightUITests.framework */ = {isa = PBXFileReference; explicitFileType = wrapper.framework; includeInIndex = 0; path = Pods_DarkLight_DarkLightUITests.framework; sourceTree = BUILT_PRODUCTS_DIR; };
		8425AD8F12115F8AB722ABBE /* Pods-DarkLight-DarkLightUITests.debug.xcconfig */ = {isa = PBXFileReference; includeInIndex = 1; lastKnownFileType = text.xcconfig; name = "Pods-DarkLight-DarkLightUITests.debug.xcconfig"; path = "Target Support Files/Pods-DarkLight-DarkLightUITests/Pods-DarkLight-DarkLightUITests.debug.xcconfig"; sourceTree = "<group>"; };
		AE880888AC989321F30A4073 /* Pods-DarkLight-DarkLightUITests.release.xcconfig */ = {isa = PBXFileReference; includeInIndex = 1; lastKnownFileType = text.xcconfig; name = "Pods-DarkLight-DarkLightUITests.release.xcconfig"; path = "Target Support Files/Pods-DarkLight-DarkLightUITests/Pods-DarkLight-DarkLightUITests.release.xcconfig"; sourceTree = "<group>"; };
		ECE3AF6C29FE0E1700721F4D /* DarkLight.app */ = {isa = PBXFileReference; explicitFileType = wrapper.application; includeInIndex = 0; path = DarkLight.app; sourceTree = BUILT_PRODUCTS_DIR; };
		ECE3AF6F29FE0E1700721F4D /* AppDelegate.swift */ = {isa = PBXFileReference; lastKnownFileType = sourcecode.swift; path = AppDelegate.swift; sourceTree = "<group>"; };
		ECE3AF7129FE0E1700721F4D /* SceneDelegate.swift */ = {isa = PBXFileReference; lastKnownFileType = sourcecode.swift; path = SceneDelegate.swift; sourceTree = "<group>"; };
		ECE3AF7829FE0E1900721F4D /* Assets.xcassets */ = {isa = PBXFileReference; lastKnownFileType = folder.assetcatalog; path = Assets.xcassets; sourceTree = "<group>"; };
		ECE3AF7B29FE0E1900721F4D /* Base */ = {isa = PBXFileReference; lastKnownFileType = file.storyboard; name = Base; path = Base.lproj/LaunchScreen.storyboard; sourceTree = "<group>"; };
		ECE3AF7D29FE0E1900721F4D /* Info.plist */ = {isa = PBXFileReference; lastKnownFileType = text.plist.xml; path = Info.plist; sourceTree = "<group>"; };
		ECE3AF8229FE0E1900721F4D /* DarkLightTests.xctest */ = {isa = PBXFileReference; explicitFileType = wrapper.cfbundle; includeInIndex = 0; path = DarkLightTests.xctest; sourceTree = BUILT_PRODUCTS_DIR; };
		ECE3AF8629FE0E1900721F4D /* DarkLightTests.swift */ = {isa = PBXFileReference; lastKnownFileType = sourcecode.swift; path = DarkLightTests.swift; sourceTree = "<group>"; };
		ECE3AF8C29FE0E1900721F4D /* DarkLightUITests.xctest */ = {isa = PBXFileReference; explicitFileType = wrapper.cfbundle; includeInIndex = 0; path = DarkLightUITests.xctest; sourceTree = BUILT_PRODUCTS_DIR; };
		ECE3AF9029FE0E1900721F4D /* DarkLightUITests.swift */ = {isa = PBXFileReference; lastKnownFileType = sourcecode.swift; path = DarkLightUITests.swift; sourceTree = "<group>"; };
		ECE3AF9229FE0E1900721F4D /* DarkLightUITestsLaunchTests.swift */ = {isa = PBXFileReference; lastKnownFileType = sourcecode.swift; path = DarkLightUITestsLaunchTests.swift; sourceTree = "<group>"; };
		ECE3AFAA2A00B22000721F4D /* MainTabBarViewController.swift */ = {isa = PBXFileReference; lastKnownFileType = sourcecode.swift; path = MainTabBarViewController.swift; sourceTree = "<group>"; };
		ECE3AFAF2A00B29C00721F4D /* HomeViewController.swift */ = {isa = PBXFileReference; lastKnownFileType = sourcecode.swift; path = HomeViewController.swift; sourceTree = "<group>"; };
		ECE3AFB02A00B29C00721F4D /* HomeViewController.xib */ = {isa = PBXFileReference; lastKnownFileType = file.xib; path = HomeViewController.xib; sourceTree = "<group>"; };
/* End PBXFileReference section */

/* Begin PBXFrameworksBuildPhase section */
		ECE3AF6929FE0E1700721F4D /* Frameworks */ = {
			isa = PBXFrameworksBuildPhase;
			buildActionMask = 2147483647;
			files = (
				5C65C7B7D02C5E5067DC4E0B /* Pods_DarkLight.framework in Frameworks */,
			);
			runOnlyForDeploymentPostprocessing = 0;
		};
		ECE3AF7F29FE0E1900721F4D /* Frameworks */ = {
			isa = PBXFrameworksBuildPhase;
			buildActionMask = 2147483647;
			files = (
				0203068BDB91B3C411DB7589 /* Pods_DarkLightTests.framework in Frameworks */,
			);
			runOnlyForDeploymentPostprocessing = 0;
		};
		ECE3AF8929FE0E1900721F4D /* Frameworks */ = {
			isa = PBXFrameworksBuildPhase;
			buildActionMask = 2147483647;
			files = (
				B25FAF2E967AF2FF902A0899 /* Pods_DarkLight_DarkLightUITests.framework in Frameworks */,
			);
			runOnlyForDeploymentPostprocessing = 0;
		};
/* End PBXFrameworksBuildPhase section */

/* Begin PBXGroup section */
		1C5E154A1AE715F14B2FAF3C /* Frameworks */ = {
			isa = PBXGroup;
			children = (
				216FC913C9BDF2A872437176 /* Pods_DarkLight.framework */,
				6C4A42EBCE1DBC1EA0A0BE82 /* Pods_DarkLight_DarkLightUITests.framework */,
				36ED620ED48B3AD781FD3B0B /* Pods_DarkLightTests.framework */,
			);
			name = Frameworks;
			sourceTree = "<group>";
		};
		ADCA11EBBDF7180BDAE89E0E /* Pods */ = {
			isa = PBXGroup;
			children = (
				021F4454F54610AA3575440D /* Pods-DarkLight.debug.xcconfig */,
				176A5CA22B6F444935420DEA /* Pods-DarkLight.release.xcconfig */,
				8425AD8F12115F8AB722ABBE /* Pods-DarkLight-DarkLightUITests.debug.xcconfig */,
				AE880888AC989321F30A4073 /* Pods-DarkLight-DarkLightUITests.release.xcconfig */,
				4AC44ABE251A6272406FEC0E /* Pods-DarkLightTests.debug.xcconfig */,
				27EE3E44B0A820B3BF118EB3 /* Pods-DarkLightTests.release.xcconfig */,
			);
			path = Pods;
			sourceTree = "<group>";
		};
		ECE3AF6329FE0E1700721F4D = {
			isa = PBXGroup;
			children = (
				ECE3AF6E29FE0E1700721F4D /* DarkLight */,
				ECE3AF8529FE0E1900721F4D /* DarkLightTests */,
				ECE3AF8F29FE0E1900721F4D /* DarkLightUITests */,
				ECE3AF6D29FE0E1700721F4D /* Products */,
				ADCA11EBBDF7180BDAE89E0E /* Pods */,
				1C5E154A1AE715F14B2FAF3C /* Frameworks */,
			);
			sourceTree = "<group>";
		};
		ECE3AF6D29FE0E1700721F4D /* Products */ = {
			isa = PBXGroup;
			children = (
				ECE3AF6C29FE0E1700721F4D /* DarkLight.app */,
				ECE3AF8229FE0E1900721F4D /* DarkLightTests.xctest */,
				ECE3AF8C29FE0E1900721F4D /* DarkLightUITests.xctest */,
			);
			name = Products;
			sourceTree = "<group>";
		};
		ECE3AF6E29FE0E1700721F4D /* DarkLight */ = {
			isa = PBXGroup;
			children = (
				ECE3AFA82A00B1EE00721F4D /* Controller */,
				ECE3AF6F29FE0E1700721F4D /* AppDelegate.swift */,
				ECE3AF7129FE0E1700721F4D /* SceneDelegate.swift */,
				ECE3AF7829FE0E1900721F4D /* Assets.xcassets */,
				ECE3AF7A29FE0E1900721F4D /* LaunchScreen.storyboard */,
				ECE3AF7D29FE0E1900721F4D /* Info.plist */,
			);
			path = DarkLight;
			sourceTree = "<group>";
		};
		ECE3AF8529FE0E1900721F4D /* DarkLightTests */ = {
			isa = PBXGroup;
			children = (
				ECE3AF8629FE0E1900721F4D /* DarkLightTests.swift */,
			);
			path = DarkLightTests;
			sourceTree = "<group>";
		};
		ECE3AF8F29FE0E1900721F4D /* DarkLightUITests */ = {
			isa = PBXGroup;
			children = (
				ECE3AF9029FE0E1900721F4D /* DarkLightUITests.swift */,
				ECE3AF9229FE0E1900721F4D /* DarkLightUITestsLaunchTests.swift */,
			);
			path = DarkLightUITests;
			sourceTree = "<group>";
		};
		ECE3AFA82A00B1EE00721F4D /* Controller */ = {
			isa = PBXGroup;
			children = (
				ECE3AFAE2A00B28500721F4D /* View */,
				ECE3AFA92A00B20F00721F4D /* MainTabBarViewController */,
			);
			path = Controller;
			sourceTree = "<group>";
		};
		ECE3AFA92A00B20F00721F4D /* MainTabBarViewController */ = {
			isa = PBXGroup;
			children = (
				ECE3AFAA2A00B22000721F4D /* MainTabBarViewController.swift */,
			);
			path = MainTabBarViewController;
			sourceTree = "<group>";
		};
		ECE3AFAE2A00B28500721F4D /* View */ = {
			isa = PBXGroup;
			children = (
				ECE3AFAF2A00B29C00721F4D /* HomeViewController.swift */,
				ECE3AFB02A00B29C00721F4D /* HomeViewController.xib */,
			);
			path = View;
			sourceTree = "<group>";
		};
/* End PBXGroup section */

/* Begin PBXNativeTarget section */
		ECE3AF6B29FE0E1700721F4D /* DarkLight */ = {
			isa = PBXNativeTarget;
			buildConfigurationList = ECE3AF9629FE0E1900721F4D /* Build configuration list for PBXNativeTarget "DarkLight" */;
			buildPhases = (
				806ED3CEAE9BE06FC2E8BE5B /* [CP] Check Pods Manifest.lock */,
				ECE3AF6829FE0E1700721F4D /* Sources */,
				ECE3AF6929FE0E1700721F4D /* Frameworks */,
				ECE3AF6A29FE0E1700721F4D /* Resources */,
				6EAF9C765FD42BB88B945789 /* [CP] Embed Pods Frameworks */,
			);
			buildRules = (
			);
			dependencies = (
			);
			name = DarkLight;
			productName = DarkLight;
			productReference = ECE3AF6C29FE0E1700721F4D /* DarkLight.app */;
			productType = "com.apple.product-type.application";
		};
		ECE3AF8129FE0E1900721F4D /* DarkLightTests */ = {
			isa = PBXNativeTarget;
			buildConfigurationList = ECE3AF9929FE0E1900721F4D /* Build configuration list for PBXNativeTarget "DarkLightTests" */;
			buildPhases = (
				BF217E43CFE63A196ADF6A00 /* [CP] Check Pods Manifest.lock */,
				ECE3AF7E29FE0E1900721F4D /* Sources */,
				ECE3AF7F29FE0E1900721F4D /* Frameworks */,
				ECE3AF8029FE0E1900721F4D /* Resources */,
			);
			buildRules = (
			);
			dependencies = (
				ECE3AF8429FE0E1900721F4D /* PBXTargetDependency */,
			);
			name = DarkLightTests;
			productName = DarkLightTests;
			productReference = ECE3AF8229FE0E1900721F4D /* DarkLightTests.xctest */;
			productType = "com.apple.product-type.bundle.unit-test";
		};
		ECE3AF8B29FE0E1900721F4D /* DarkLightUITests */ = {
			isa = PBXNativeTarget;
			buildConfigurationList = ECE3AF9C29FE0E1900721F4D /* Build configuration list for PBXNativeTarget "DarkLightUITests" */;
			buildPhases = (
				6874722F64FD281FEF78D89C /* [CP] Check Pods Manifest.lock */,
				ECE3AF8829FE0E1900721F4D /* Sources */,
				ECE3AF8929FE0E1900721F4D /* Frameworks */,
				ECE3AF8A29FE0E1900721F4D /* Resources */,
				63CD29F462D0297CA44B0B00 /* [CP] Embed Pods Frameworks */,
			);
			buildRules = (
			);
			dependencies = (
				ECE3AF8E29FE0E1900721F4D /* PBXTargetDependency */,
			);
			name = DarkLightUITests;
			productName = DarkLightUITests;
			productReference = ECE3AF8C29FE0E1900721F4D /* DarkLightUITests.xctest */;
			productType = "com.apple.product-type.bundle.ui-testing";
		};
/* End PBXNativeTarget section */

/* Begin PBXProject section */
		ECE3AF6429FE0E1700721F4D /* Project object */ = {
			isa = PBXProject;
			attributes = {
				BuildIndependentTargetsInParallel = 1;
				LastSwiftUpdateCheck = 1430;
				LastUpgradeCheck = 1430;
				TargetAttributes = {
					ECE3AF6B29FE0E1700721F4D = {
						CreatedOnToolsVersion = 14.3;
					};
					ECE3AF8129FE0E1900721F4D = {
						CreatedOnToolsVersion = 14.3;
						TestTargetID = ECE3AF6B29FE0E1700721F4D;
					};
					ECE3AF8B29FE0E1900721F4D = {
						CreatedOnToolsVersion = 14.3;
						TestTargetID = ECE3AF6B29FE0E1700721F4D;
					};
				};
			};
			buildConfigurationList = ECE3AF6729FE0E1700721F4D /* Build configuration list for PBXProject "DarkLight" */;
			compatibilityVersion = "Xcode 14.0";
			developmentRegion = en;
			hasScannedForEncodings = 0;
			knownRegions = (
				en,
				Base,
			);
			mainGroup = ECE3AF6329FE0E1700721F4D;
			productRefGroup = ECE3AF6D29FE0E1700721F4D /* Products */;
			projectDirPath = "";
			projectRoot = "";
			targets = (
				ECE3AF6B29FE0E1700721F4D /* DarkLight */,
				ECE3AF8129FE0E1900721F4D /* DarkLightTests */,
				ECE3AF8B29FE0E1900721F4D /* DarkLightUITests */,
			);
		};
/* End PBXProject section */

/* Begin PBXResourcesBuildPhase section */
		ECE3AF6A29FE0E1700721F4D /* Resources */ = {
			isa = PBXResourcesBuildPhase;
			buildActionMask = 2147483647;
			files = (
				ECE3AF7C29FE0E1900721F4D /* LaunchScreen.storyboard in Resources */,
				ECE3AF7929FE0E1900721F4D /* Assets.xcassets in Resources */,
				ECE3AFB22A00B29C00721F4D /* HomeViewController.xib in Resources */,
			);
			runOnlyForDeploymentPostprocessing = 0;
		};
		ECE3AF8029FE0E1900721F4D /* Resources */ = {
			isa = PBXResourcesBuildPhase;
			buildActionMask = 2147483647;
			files = (
			);
			runOnlyForDeploymentPostprocessing = 0;
		};
		ECE3AF8A29FE0E1900721F4D /* Resources */ = {
			isa = PBXResourcesBuildPhase;
			buildActionMask = 2147483647;
			files = (
			);
			runOnlyForDeploymentPostprocessing = 0;
		};
/* End PBXResourcesBuildPhase section */

/* Begin PBXShellScriptBuildPhase section */
		63CD29F462D0297CA44B0B00 /* [CP] Embed Pods Frameworks */ = {
			isa = PBXShellScriptBuildPhase;
			buildActionMask = 2147483647;
			files = (
			);
			inputFileListPaths = (
				"${PODS_ROOT}/Target Support Files/Pods-DarkLight-DarkLightUITests/Pods-DarkLight-DarkLightUITests-frameworks-${CONFIGURATION}-input-files.xcfilelist",
			);
			name = "[CP] Embed Pods Frameworks";
			outputFileListPaths = (
				"${PODS_ROOT}/Target Support Files/Pods-DarkLight-DarkLightUITests/Pods-DarkLight-DarkLightUITests-frameworks-${CONFIGURATION}-output-files.xcfilelist",
			);
			runOnlyForDeploymentPostprocessing = 0;
			shellPath = /bin/sh;
			shellScript = "\"${PODS_ROOT}/Target Support Files/Pods-DarkLight-DarkLightUITests/Pods-DarkLight-DarkLightUITests-frameworks.sh\"\n";
			showEnvVarsInLog = 0;
		};
		6874722F64FD281FEF78D89C /* [CP] Check Pods Manifest.lock */ = {
			isa = PBXShellScriptBuildPhase;
			buildActionMask = 2147483647;
			files = (
			);
			inputFileListPaths = (
			);
			inputPaths = (
				"${PODS_PODFILE_DIR_PATH}/Podfile.lock",
				"${PODS_ROOT}/Manifest.lock",
			);
			name = "[CP] Check Pods Manifest.lock";
			outputFileListPaths = (
			);
			outputPaths = (
				"$(DERIVED_FILE_DIR)/Pods-DarkLight-DarkLightUITests-checkManifestLockResult.txt",
			);
			runOnlyForDeploymentPostprocessing = 0;
			shellPath = /bin/sh;
			shellScript = "diff \"${PODS_PODFILE_DIR_PATH}/Podfile.lock\" \"${PODS_ROOT}/Manifest.lock\" > /dev/null\nif [ $? != 0 ] ; then\n    # print error to STDERR\n    echo \"error: The sandbox is not in sync with the Podfile.lock. Run 'pod install' or update your CocoaPods installation.\" >&2\n    exit 1\nfi\n# This output is used by Xcode 'outputs' to avoid re-running this script phase.\necho \"SUCCESS\" > \"${SCRIPT_OUTPUT_FILE_0}\"\n";
			showEnvVarsInLog = 0;
		};
		6EAF9C765FD42BB88B945789 /* [CP] Embed Pods Frameworks */ = {
			isa = PBXShellScriptBuildPhase;
			buildActionMask = 2147483647;
			files = (
			);
			inputFileListPaths = (
				"${PODS_ROOT}/Target Support Files/Pods-DarkLight/Pods-DarkLight-frameworks-${CONFIGURATION}-input-files.xcfilelist",
			);
			name = "[CP] Embed Pods Frameworks";
			outputFileListPaths = (
				"${PODS_ROOT}/Target Support Files/Pods-DarkLight/Pods-DarkLight-frameworks-${CONFIGURATION}-output-files.xcfilelist",
			);
			runOnlyForDeploymentPostprocessing = 0;
			shellPath = /bin/sh;
			shellScript = "\"${PODS_ROOT}/Target Support Files/Pods-DarkLight/Pods-DarkLight-frameworks.sh\"\n";
			showEnvVarsInLog = 0;
		};
		806ED3CEAE9BE06FC2E8BE5B /* [CP] Check Pods Manifest.lock */ = {
			isa = PBXShellScriptBuildPhase;
			buildActionMask = 2147483647;
			files = (
			);
			inputFileListPaths = (
			);
			inputPaths = (
				"${PODS_PODFILE_DIR_PATH}/Podfile.lock",
				"${PODS_ROOT}/Manifest.lock",
			);
			name = "[CP] Check Pods Manifest.lock";
			outputFileListPaths = (
			);
			outputPaths = (
				"$(DERIVED_FILE_DIR)/Pods-DarkLight-checkManifestLockResult.txt",
			);
			runOnlyForDeploymentPostprocessing = 0;
			shellPath = /bin/sh;
			shellScript = "diff \"${PODS_PODFILE_DIR_PATH}/Podfile.lock\" \"${PODS_ROOT}/Manifest.lock\" > /dev/null\nif [ $? != 0 ] ; then\n    # print error to STDERR\n    echo \"error: The sandbox is not in sync with the Podfile.lock. Run 'pod install' or update your CocoaPods installation.\" >&2\n    exit 1\nfi\n# This output is used by Xcode 'outputs' to avoid re-running this script phase.\necho \"SUCCESS\" > \"${SCRIPT_OUTPUT_FILE_0}\"\n";
			showEnvVarsInLog = 0;
		};
		BF217E43CFE63A196ADF6A00 /* [CP] Check Pods Manifest.lock */ = {
			isa = PBXShellScriptBuildPhase;
			buildActionMask = 2147483647;
			files = (
			);
			inputFileListPaths = (
			);
			inputPaths = (
				"${PODS_PODFILE_DIR_PATH}/Podfile.lock",
				"${PODS_ROOT}/Manifest.lock",
			);
			name = "[CP] Check Pods Manifest.lock";
			outputFileListPaths = (
			);
			outputPaths = (
				"$(DERIVED_FILE_DIR)/Pods-DarkLightTests-checkManifestLockResult.txt",
			);
			runOnlyForDeploymentPostprocessing = 0;
			shellPath = /bin/sh;
			shellScript = "diff \"${PODS_PODFILE_DIR_PATH}/Podfile.lock\" \"${PODS_ROOT}/Manifest.lock\" > /dev/null\nif [ $? != 0 ] ; then\n    # print error to STDERR\n    echo \"error: The sandbox is not in sync with the Podfile.lock. Run 'pod install' or update your CocoaPods installation.\" >&2\n    exit 1\nfi\n# This output is used by Xcode 'outputs' to avoid re-running this script phase.\necho \"SUCCESS\" > \"${SCRIPT_OUTPUT_FILE_0}\"\n";
			showEnvVarsInLog = 0;
		};
/* End PBXShellScriptBuildPhase section */

/* Begin PBXSourcesBuildPhase section */
		ECE3AF6829FE0E1700721F4D /* Sources */ = {
			isa = PBXSourcesBuildPhase;
			buildActionMask = 2147483647;
			files = (
				ECE3AFB12A00B29C00721F4D /* HomeViewController.swift in Sources */,
				ECE3AFAC2A00B22000721F4D /* MainTabBarViewController.swift in Sources */,
				ECE3AF7029FE0E1700721F4D /* AppDelegate.swift in Sources */,
				ECE3AF7229FE0E1700721F4D /* SceneDelegate.swift in Sources */,
			);
			runOnlyForDeploymentPostprocessing = 0;
		};
		ECE3AF7E29FE0E1900721F4D /* Sources */ = {
			isa = PBXSourcesBuildPhase;
			buildActionMask = 2147483647;
			files = (
				ECE3AF8729FE0E1900721F4D /* DarkLightTests.swift in Sources */,
			);
			runOnlyForDeploymentPostprocessing = 0;
		};
		ECE3AF8829FE0E1900721F4D /* Sources */ = {
			isa = PBXSourcesBuildPhase;
			buildActionMask = 2147483647;
			files = (
				ECE3AF9129FE0E1900721F4D /* DarkLightUITests.swift in Sources */,
				ECE3AF9329FE0E1900721F4D /* DarkLightUITestsLaunchTests.swift in Sources */,
			);
			runOnlyForDeploymentPostprocessing = 0;
		};
/* End PBXSourcesBuildPhase section */

/* Begin PBXTargetDependency section */
		ECE3AF8429FE0E1900721F4D /* PBXTargetDependency */ = {
			isa = PBXTargetDependency;
			target = ECE3AF6B29FE0E1700721F4D /* DarkLight */;
			targetProxy = ECE3AF8329FE0E1900721F4D /* PBXContainerItemProxy */;
		};
		ECE3AF8E29FE0E1900721F4D /* PBXTargetDependency */ = {
			isa = PBXTargetDependency;
			target = ECE3AF6B29FE0E1700721F4D /* DarkLight */;
			targetProxy = ECE3AF8D29FE0E1900721F4D /* PBXContainerItemProxy */;
		};
/* End PBXTargetDependency section */

/* Begin PBXVariantGroup section */
		ECE3AF7A29FE0E1900721F4D /* LaunchScreen.storyboard */ = {
			isa = PBXVariantGroup;
			children = (
				ECE3AF7B29FE0E1900721F4D /* Base */,
			);
			name = LaunchScreen.storyboard;
			sourceTree = "<group>";
		};
/* End PBXVariantGroup section */

/* Begin XCBuildConfiguration section */
		ECE3AF9429FE0E1900721F4D /* Debug */ = {
			isa = XCBuildConfiguration;
			buildSettings = {
				ALWAYS_SEARCH_USER_PATHS = NO;
				CLANG_ANALYZER_NONNULL = YES;
				CLANG_ANALYZER_NUMBER_OBJECT_CONVERSION = YES_AGGRESSIVE;
				CLANG_CXX_LANGUAGE_STANDARD = "gnu++20";
				CLANG_ENABLE_MODULES = YES;
				CLANG_ENABLE_OBJC_ARC = YES;
				CLANG_ENABLE_OBJC_WEAK = YES;
				CLANG_WARN_BLOCK_CAPTURE_AUTORELEASING = YES;
				CLANG_WARN_BOOL_CONVERSION = YES;
				CLANG_WARN_COMMA = YES;
				CLANG_WARN_CONSTANT_CONVERSION = YES;
				CLANG_WARN_DEPRECATED_OBJC_IMPLEMENTATIONS = YES;
				CLANG_WARN_DIRECT_OBJC_ISA_USAGE = YES_ERROR;
				CLANG_WARN_DOCUMENTATION_COMMENTS = YES;
				CLANG_WARN_EMPTY_BODY = YES;
				CLANG_WARN_ENUM_CONVERSION = YES;
				CLANG_WARN_INFINITE_RECURSION = YES;
				CLANG_WARN_INT_CONVERSION = YES;
				CLANG_WARN_NON_LITERAL_NULL_CONVERSION = YES;
				CLANG_WARN_OBJC_IMPLICIT_RETAIN_SELF = YES;
				CLANG_WARN_OBJC_LITERAL_CONVERSION = YES;
				CLANG_WARN_OBJC_ROOT_CLASS = YES_ERROR;
				CLANG_WARN_QUOTED_INCLUDE_IN_FRAMEWORK_HEADER = YES;
				CLANG_WARN_RANGE_LOOP_ANALYSIS = YES;
				CLANG_WARN_STRICT_PROTOTYPES = YES;
				CLANG_WARN_SUSPICIOUS_MOVE = YES;
				CLANG_WARN_UNGUARDED_AVAILABILITY = YES_AGGRESSIVE;
				CLANG_WARN_UNREACHABLE_CODE = YES;
				CLANG_WARN__DUPLICATE_METHOD_MATCH = YES;
				COPY_PHASE_STRIP = NO;
				DEBUG_INFORMATION_FORMAT = dwarf;
				ENABLE_STRICT_OBJC_MSGSEND = YES;
				ENABLE_TESTABILITY = YES;
				GCC_C_LANGUAGE_STANDARD = gnu11;
				GCC_DYNAMIC_NO_PIC = NO;
				GCC_NO_COMMON_BLOCKS = YES;
				GCC_OPTIMIZATION_LEVEL = 0;
				GCC_PREPROCESSOR_DEFINITIONS = (
					"DEBUG=1",
					"$(inherited)",
				);
				GCC_WARN_64_TO_32_BIT_CONVERSION = YES;
				GCC_WARN_ABOUT_RETURN_TYPE = YES_ERROR;
				GCC_WARN_UNDECLARED_SELECTOR = YES;
				GCC_WARN_UNINITIALIZED_AUTOS = YES_AGGRESSIVE;
				GCC_WARN_UNUSED_FUNCTION = YES;
				GCC_WARN_UNUSED_VARIABLE = YES;
				IPHONEOS_DEPLOYMENT_TARGET = 16.4;
				MTL_ENABLE_DEBUG_INFO = INCLUDE_SOURCE;
				MTL_FAST_MATH = YES;
				ONLY_ACTIVE_ARCH = YES;
				SDKROOT = iphoneos;
				SWIFT_ACTIVE_COMPILATION_CONDITIONS = DEBUG;
				SWIFT_OPTIMIZATION_LEVEL = "-Onone";
			};
			name = Debug;
		};
		ECE3AF9529FE0E1900721F4D /* Release */ = {
			isa = XCBuildConfiguration;
			buildSettings = {
				ALWAYS_SEARCH_USER_PATHS = NO;
				CLANG_ANALYZER_NONNULL = YES;
				CLANG_ANALYZER_NUMBER_OBJECT_CONVERSION = YES_AGGRESSIVE;
				CLANG_CXX_LANGUAGE_STANDARD = "gnu++20";
				CLANG_ENABLE_MODULES = YES;
				CLANG_ENABLE_OBJC_ARC = YES;
				CLANG_ENABLE_OBJC_WEAK = YES;
				CLANG_WARN_BLOCK_CAPTURE_AUTORELEASING = YES;
				CLANG_WARN_BOOL_CONVERSION = YES;
				CLANG_WARN_COMMA = YES;
				CLANG_WARN_CONSTANT_CONVERSION = YES;
				CLANG_WARN_DEPRECATED_OBJC_IMPLEMENTATIONS = YES;
				CLANG_WARN_DIRECT_OBJC_ISA_USAGE = YES_ERROR;
				CLANG_WARN_DOCUMENTATION_COMMENTS = YES;
				CLANG_WARN_EMPTY_BODY = YES;
				CLANG_WARN_ENUM_CONVERSION = YES;
				CLANG_WARN_INFINITE_RECURSION = YES;
				CLANG_WARN_INT_CONVERSION = YES;
				CLANG_WARN_NON_LITERAL_NULL_CONVERSION = YES;
				CLANG_WARN_OBJC_IMPLICIT_RETAIN_SELF = YES;
				CLANG_WARN_OBJC_LITERAL_CONVERSION = YES;
				CLANG_WARN_OBJC_ROOT_CLASS = YES_ERROR;
				CLANG_WARN_QUOTED_INCLUDE_IN_FRAMEWORK_HEADER = YES;
				CLANG_WARN_RANGE_LOOP_ANALYSIS = YES;
				CLANG_WARN_STRICT_PROTOTYPES = YES;
				CLANG_WARN_SUSPICIOUS_MOVE = YES;
				CLANG_WARN_UNGUARDED_AVAILABILITY = YES_AGGRESSIVE;
				CLANG_WARN_UNREACHABLE_CODE = YES;
				CLANG_WARN__DUPLICATE_METHOD_MATCH = YES;
				COPY_PHASE_STRIP = NO;
				DEBUG_INFORMATION_FORMAT = "dwarf-with-dsym";
				ENABLE_NS_ASSERTIONS = NO;
				ENABLE_STRICT_OBJC_MSGSEND = YES;
				GCC_C_LANGUAGE_STANDARD = gnu11;
				GCC_NO_COMMON_BLOCKS = YES;
				GCC_WARN_64_TO_32_BIT_CONVERSION = YES;
				GCC_WARN_ABOUT_RETURN_TYPE = YES_ERROR;
				GCC_WARN_UNDECLARED_SELECTOR = YES;
				GCC_WARN_UNINITIALIZED_AUTOS = YES_AGGRESSIVE;
				GCC_WARN_UNUSED_FUNCTION = YES;
				GCC_WARN_UNUSED_VARIABLE = YES;
				IPHONEOS_DEPLOYMENT_TARGET = 16.4;
				MTL_ENABLE_DEBUG_INFO = NO;
				MTL_FAST_MATH = YES;
				SDKROOT = iphoneos;
				SWIFT_COMPILATION_MODE = wholemodule;
				SWIFT_OPTIMIZATION_LEVEL = "-O";
				VALIDATE_PRODUCT = YES;
			};
			name = Release;
		};
		ECE3AF9729FE0E1900721F4D /* Debug */ = {
			isa = XCBuildConfiguration;
			baseConfigurationReference = 021F4454F54610AA3575440D /* Pods-DarkLight.debug.xcconfig */;
			buildSettings = {
				ASSETCATALOG_COMPILER_APPICON_NAME = AppIcon;
				ASSETCATALOG_COMPILER_GLOBAL_ACCENT_COLOR_NAME = AccentColor;
				CODE_SIGN_STYLE = Automatic;
				CURRENT_PROJECT_VERSION = 1;
				DEVELOPMENT_TEAM = C8UZLK27VH;
				GENERATE_INFOPLIST_FILE = YES;
				INFOPLIST_FILE = DarkLight/Info.plist;
				INFOPLIST_KEY_UIApplicationSupportsIndirectInputEvents = YES;
				INFOPLIST_KEY_UILaunchStoryboardName = LaunchScreen;
				INFOPLIST_KEY_UIMainStoryboardFile = "";
				INFOPLIST_KEY_UISupportedInterfaceOrientations_iPad = "UIInterfaceOrientationPortrait UIInterfaceOrientationPortraitUpsideDown UIInterfaceOrientationLandscapeLeft UIInterfaceOrientationLandscapeRight";
				INFOPLIST_KEY_UISupportedInterfaceOrientations_iPhone = "UIInterfaceOrientationPortrait UIInterfaceOrientationLandscapeLeft UIInterfaceOrientationLandscapeRight";
				LD_RUNPATH_SEARCH_PATHS = (
					"$(inherited)",
					"@executable_path/Frameworks",
				);
				MARKETING_VERSION = 1.0;
				PRODUCT_BUNDLE_IDENTIFIER = com.sythanhcong.DarkLight;
				PRODUCT_NAME = "$(TARGET_NAME)";
				SWIFT_EMIT_LOC_STRINGS = YES;
				SWIFT_VERSION = 5.0;
				TARGETED_DEVICE_FAMILY = "1,2";
			};
			name = Debug;
		};
		ECE3AF9829FE0E1900721F4D /* Release */ = {
			isa = XCBuildConfiguration;
			baseConfigurationReference = 176A5CA22B6F444935420DEA /* Pods-DarkLight.release.xcconfig */;
			buildSettings = {
				ASSETCATALOG_COMPILER_APPICON_NAME = AppIcon;
				ASSETCATALOG_COMPILER_GLOBAL_ACCENT_COLOR_NAME = AccentColor;
				CODE_SIGN_STYLE = Automatic;
				CURRENT_PROJECT_VERSION = 1;
				DEVELOPMENT_TEAM = C8UZLK27VH;
				GENERATE_INFOPLIST_FILE = YES;
				INFOPLIST_FILE = DarkLight/Info.plist;
				INFOPLIST_KEY_UIApplicationSupportsIndirectInputEvents = YES;
				INFOPLIST_KEY_UILaunchStoryboardName = LaunchScreen;
				INFOPLIST_KEY_UIMainStoryboardFile = "";
				INFOPLIST_KEY_UISupportedInterfaceOrientations_iPad = "UIInterfaceOrientationPortrait UIInterfaceOrientationPortraitUpsideDown UIInterfaceOrientationLandscapeLeft UIInterfaceOrientationLandscapeRight";
				INFOPLIST_KEY_UISupportedInterfaceOrientations_iPhone = "UIInterfaceOrientationPortrait UIInterfaceOrientationLandscapeLeft UIInterfaceOrientationLandscapeRight";
				LD_RUNPATH_SEARCH_PATHS = (
					"$(inherited)",
					"@executable_path/Frameworks",
				);
				MARKETING_VERSION = 1.0;
				PRODUCT_BUNDLE_IDENTIFIER = com.sythanhcong.DarkLight;
				PRODUCT_NAME = "$(TARGET_NAME)";
				SWIFT_EMIT_LOC_STRINGS = YES;
				SWIFT_VERSION = 5.0;
				TARGETED_DEVICE_FAMILY = "1,2";
			};
			name = Release;
		};
		ECE3AF9A29FE0E1900721F4D /* Debug */ = {
			isa = XCBuildConfiguration;
			baseConfigurationReference = 4AC44ABE251A6272406FEC0E /* Pods-DarkLightTests.debug.xcconfig */;
			buildSettings = {
				ALWAYS_EMBED_SWIFT_STANDARD_LIBRARIES = YES;
				BUNDLE_LOADER = "$(TEST_HOST)";
				CODE_SIGN_STYLE = Automatic;
				CURRENT_PROJECT_VERSION = 1;
				DEVELOPMENT_TEAM = C8UZLK27VH;
				GENERATE_INFOPLIST_FILE = YES;
				IPHONEOS_DEPLOYMENT_TARGET = 16.4;
				MARKETING_VERSION = 1.0;
				PRODUCT_BUNDLE_IDENTIFIER = com.sythanhcong.DarkLightTests;
				PRODUCT_NAME = "$(TARGET_NAME)";
				SWIFT_EMIT_LOC_STRINGS = NO;
				SWIFT_VERSION = 5.0;
				TARGETED_DEVICE_FAMILY = "1,2";
				TEST_HOST = "$(BUILT_PRODUCTS_DIR)/DarkLight.app/$(BUNDLE_EXECUTABLE_FOLDER_PATH)/DarkLight";
			};
			name = Debug;
		};
		ECE3AF9B29FE0E1900721F4D /* Release */ = {
			isa = XCBuildConfiguration;
			baseConfigurationReference = 27EE3E44B0A820B3BF118EB3 /* Pods-DarkLightTests.release.xcconfig */;
			buildSettings = {
				ALWAYS_EMBED_SWIFT_STANDARD_LIBRARIES = YES;
				BUNDLE_LOADER = "$(TEST_HOST)";
				CODE_SIGN_STYLE = Automatic;
				CURRENT_PROJECT_VERSION = 1;
				DEVELOPMENT_TEAM = C8UZLK27VH;
				GENERATE_INFOPLIST_FILE = YES;
				IPHONEOS_DEPLOYMENT_TARGET = 16.4;
				MARKETING_VERSION = 1.0;
				PRODUCT_BUNDLE_IDENTIFIER = com.sythanhcong.DarkLightTests;
				PRODUCT_NAME = "$(TARGET_NAME)";
				SWIFT_EMIT_LOC_STRINGS = NO;
				SWIFT_VERSION = 5.0;
				TARGETED_DEVICE_FAMILY = "1,2";
				TEST_HOST = "$(BUILT_PRODUCTS_DIR)/DarkLight.app/$(BUNDLE_EXECUTABLE_FOLDER_PATH)/DarkLight";
			};
			name = Release;
		};
		ECE3AF9D29FE0E1900721F4D /* Debug */ = {
			isa = XCBuildConfiguration;
			baseConfigurationReference = 8425AD8F12115F8AB722ABBE /* Pods-DarkLight-DarkLightUITests.debug.xcconfig */;
			buildSettings = {
				ALWAYS_EMBED_SWIFT_STANDARD_LIBRARIES = YES;
				CODE_SIGN_STYLE = Automatic;
				CURRENT_PROJECT_VERSION = 1;
				DEVELOPMENT_TEAM = C8UZLK27VH;
				GENERATE_INFOPLIST_FILE = YES;
				MARKETING_VERSION = 1.0;
				PRODUCT_BUNDLE_IDENTIFIER = com.sythanhcong.DarkLightUITests;
				PRODUCT_NAME = "$(TARGET_NAME)";
				SWIFT_EMIT_LOC_STRINGS = NO;
				SWIFT_VERSION = 5.0;
				TARGETED_DEVICE_FAMILY = "1,2";
				TEST_TARGET_NAME = DarkLight;
			};
			name = Debug;
		};
		ECE3AF9E29FE0E1900721F4D /* Release */ = {
			isa = XCBuildConfiguration;
			baseConfigurationReference = AE880888AC989321F30A4073 /* Pods-DarkLight-DarkLightUITests.release.xcconfig */;
			buildSettings = {
				ALWAYS_EMBED_SWIFT_STANDARD_LIBRARIES = YES;
				CODE_SIGN_STYLE = Automatic;
				CURRENT_PROJECT_VERSION = 1;
				DEVELOPMENT_TEAM = C8UZLK27VH;
				GENERATE_INFOPLIST_FILE = YES;
				MARKETING_VERSION = 1.0;
				PRODUCT_BUNDLE_IDENTIFIER = com.sythanhcong.DarkLightUITests;
				PRODUCT_NAME = "$(TARGET_NAME)";
				SWIFT_EMIT_LOC_STRINGS = NO;
				SWIFT_VERSION = 5.0;
				TARGETED_DEVICE_FAMILY = "1,2";
				TEST_TARGET_NAME = DarkLight;
			};
			name = Release;
		};
/* End XCBuildConfiguration section */

/* Begin XCConfigurationList section */
		ECE3AF6729FE0E1700721F4D /* Build configuration list for PBXProject "DarkLight" */ = {
			isa = XCConfigurationList;
			buildConfigurations = (
				ECE3AF9429FE0E1900721F4D /* Debug */,
				ECE3AF9529FE0E1900721F4D /* Release */,
			);
			defaultConfigurationIsVisible = 0;
			defaultConfigurationName = Release;
		};
		ECE3AF9629FE0E1900721F4D /* Build configuration list for PBXNativeTarget "DarkLight" */ = {
			isa = XCConfigurationList;
			buildConfigurations = (
				ECE3AF9729FE0E1900721F4D /* Debug */,
				ECE3AF9829FE0E1900721F4D /* Release */,
			);
			defaultConfigurationIsVisible = 0;
			defaultConfigurationName = Release;
		};
		ECE3AF9929FE0E1900721F4D /* Build configuration list for PBXNativeTarget "DarkLightTests" */ = {
			isa = XCConfigurationList;
			buildConfigurations = (
				ECE3AF9A29FE0E1900721F4D /* Debug */,
				ECE3AF9B29FE0E1900721F4D /* Release */,
			);
			defaultConfigurationIsVisible = 0;
			defaultConfigurationName = Release;
		};
		ECE3AF9C29FE0E1900721F4D /* Build configuration list for PBXNativeTarget "DarkLightUITests" */ = {
			isa = XCConfigurationList;
			buildConfigurations = (
				ECE3AF9D29FE0E1900721F4D /* Debug */,
				ECE3AF9E29FE0E1900721F4D /* Release */,
			);
			defaultConfigurationIsVisible = 0;
			defaultConfigurationName = Release;
		};
/* End XCConfigurationList section */
	};
	rootObject = ECE3AF6429FE0E1700721F4D /* Project object */;
}
